{
  "name": "TV_charting_lib",
  "lockfileVersion": 3,
  "requires": true,
  "packages": {
    "": {
      "dependencies": {
        "lightweight-charts": "^5.2.0",
        "lightweight-charts-drawing": "^0.1.1"
      }
    },
    "node_modules/fancy-canvas": {
      "version": "2.1.0",
      "resolved": "https://registry.npmmirror.com/fancy-canvas/-/fancy-canvas-2.1.0.tgz",
      "integrity": "sha512-nifxXJ95JNLFR2NgRV4/MxVP45G9909wJTEKz5fg/TZS20JJZA6hfgRVh/bC9bwl2zBtBNcYPjiBE4njQHVBwQ==",
      "license": "MIT"
    },
    "node_modules/lightweight-charts": {
      "version": "5.2.0",
      "resolved": "https://registry.npmmirror.com/lightweight-charts/-/lightweight-charts-5.2.0.tgz",
      "integrity": "sha512-ey3Vas8UhV06ni+LT9TA1nEe4y8So4Mi6CL/oarNHFMyTktz/xy8e8+oh04Q//eO3t6etvFXgayz2fClyFQb5w==",
      "license": "Apache-2.0",
      "dependencies": {
        "fancy-canvas": "2.1.0"
      }
    },
    "node_modules/lightweight-charts-drawing": {
      "version": "0.1.1",
      "resolved": "https://registry.npmmirror.com/lightweight-charts-drawing/-/lightweight-charts-drawing-0.1.1.tgz",
      "integrity": "sha512-lS5s94QnMA6mkXAbOCdLdux1rgzdlJn5vIxQSBNj+1pFtuMHaAlV+ciElSI0wNTzLNM1LQo8JN7j83GpApTcgQ==",
      "license": "MIT",
      "dependencies": {
        "fancy-canvas": "^2.1.0"
      },
      "peerDependencies": {
        "lightweight-charts": "^5.0.0"
      }
    }
  }
}
